{
  "object": {
    "pins": [
      {
        "package": "kvSIMD.swift",
        "repositoryURL": "https://github.com/keyvariable/kvSIMD.swift.git",
        "state": {
          "branch": null,
          "revision": "4fe01887d947e65fa97ed473b4d5c370045f68af",
          "version": "1.0.2"
        }
      }
    ]
  },
  "version": 1
}
